
Microsoft Visual Studio Solution File, Format Version 11.00
# Visual Studio 2010
Project("{F184B08F-C81C-45F6-A57F-5ABD9991F28F}") = "100-1-1 (正)", "100-1-1 (正).vbproj", "{62FB4D32-48E8-4EB6-AB64-DCA099C04BF0}"
EndProject
Global
	GlobalSection(SolutionConfigurationPlatforms) = preSolution
		Debug|x86 = Debug|x86
		Release|x86 = Release|x86
	EndGlobalSection
	GlobalSection(ProjectConfigurationPlatforms) = postSolution
		{62FB4D32-48E8-4EB6-AB64-DCA099C04BF0}.Debug|x86.ActiveCfg = Debug|x86
		{62FB4D32-48E8-4EB6-AB64-DCA099C04BF0}.Debug|x86.Build.0 = Debug|x86
		{62FB4D32-48E8-4EB6-AB64-DCA099C04BF0}.Release|x86.ActiveCfg = Release|x86
		{62FB4D32-48E8-4EB6-AB64-DCA099C04BF0}.Release|x86.Build.0 = Release|x86
	EndGlobalSection
	GlobalSection(SolutionProperties) = preSolution
		HideSolutionNode = FALSE
	EndGlobalSection
EndGlobal
