
Microsoft Visual Studio Solution File, Format Version 11.00
# Visual Studio 2010
Project("{F184B08F-C81C-45F6-A57F-5ABD9991F28F}") = "94_6", "94_6.vbproj", "{F13DABA9-940B-4C29-9BF5-439F760DAA17}"
EndProject
Global
	GlobalSection(SolutionConfigurationPlatforms) = preSolution
		Debug|x86 = Debug|x86
		Release|x86 = Release|x86
	EndGlobalSection
	GlobalSection(ProjectConfigurationPlatforms) = postSolution
		{F13DABA9-940B-4C29-9BF5-439F760DAA17}.Debug|x86.ActiveCfg = Debug|x86
		{F13DABA9-940B-4C29-9BF5-439F760DAA17}.Debug|x86.Build.0 = Debug|x86
		{F13DABA9-940B-4C29-9BF5-439F760DAA17}.Release|x86.ActiveCfg = Release|x86
		{F13DABA9-940B-4C29-9BF5-439F760DAA17}.Release|x86.Build.0 = Release|x86
	EndGlobalSection
	GlobalSection(SolutionProperties) = preSolution
		HideSolutionNode = FALSE
	EndGlobalSection
EndGlobal
