
Microsoft Visual Studio Solution File, Format Version 11.00
# Visual Studio 2010
Project("{F184B08F-C81C-45F6-A57F-5ABD9991F28F}") = "13-5", "13-5.vbproj", "{4EB0C1C3-4870-4AD8-B232-67DCD6C76033}"
EndProject
Global
	GlobalSection(SolutionConfigurationPlatforms) = preSolution
		Debug|x86 = Debug|x86
		Release|x86 = Release|x86
	EndGlobalSection
	GlobalSection(ProjectConfigurationPlatforms) = postSolution
		{4EB0C1C3-4870-4AD8-B232-67DCD6C76033}.Debug|x86.ActiveCfg = Debug|x86
		{4EB0C1C3-4870-4AD8-B232-67DCD6C76033}.Debug|x86.Build.0 = Debug|x86
		{4EB0C1C3-4870-4AD8-B232-67DCD6C76033}.Release|x86.ActiveCfg = Release|x86
		{4EB0C1C3-4870-4AD8-B232-67DCD6C76033}.Release|x86.Build.0 = Release|x86
	EndGlobalSection
	GlobalSection(SolutionProperties) = preSolution
		HideSolutionNode = FALSE
	EndGlobalSection
EndGlobal
