
Microsoft Visual Studio Solution File, Format Version 11.00
# Visual Studio 2010
Project("{F184B08F-C81C-45F6-A57F-5ABD9991F28F}") = "組合按鍵", "組合按鍵.vbproj", "{4330617C-3233-47C0-B925-9405E833603F}"
EndProject
Global
	GlobalSection(SolutionConfigurationPlatforms) = preSolution
		Debug|x86 = Debug|x86
		Release|x86 = Release|x86
	EndGlobalSection
	GlobalSection(ProjectConfigurationPlatforms) = postSolution
		{4330617C-3233-47C0-B925-9405E833603F}.Debug|x86.ActiveCfg = Debug|x86
		{4330617C-3233-47C0-B925-9405E833603F}.Debug|x86.Build.0 = Debug|x86
		{4330617C-3233-47C0-B925-9405E833603F}.Release|x86.ActiveCfg = Release|x86
		{4330617C-3233-47C0-B925-9405E833603F}.Release|x86.Build.0 = Release|x86
	EndGlobalSection
	GlobalSection(SolutionProperties) = preSolution
		HideSolutionNode = FALSE
	EndGlobalSection
EndGlobal
