
Microsoft Visual Studio Solution File, Format Version 10.00
# Visual Studio 2008
Project("{F184B08F-C81C-45F6-A57F-5ABD9991F28F}") = "VBD02", "VBD02.vbproj", "{62046390-DB41-4AD9-B12E-E638911F0A12}"
EndProject
Global
	GlobalSection(SolutionConfigurationPlatforms) = preSolution
		Debug|Any CPU = Debug|Any CPU
		Release|Any CPU = Release|Any CPU
	EndGlobalSection
	GlobalSection(ProjectConfigurationPlatforms) = postSolution
		{62046390-DB41-4AD9-B12E-E638911F0A12}.Debug|Any CPU.ActiveCfg = Debug|Any CPU
		{62046390-DB41-4AD9-B12E-E638911F0A12}.Debug|Any CPU.Build.0 = Debug|Any CPU
		{62046390-DB41-4AD9-B12E-E638911F0A12}.Release|Any CPU.ActiveCfg = Release|Any CPU
		{62046390-DB41-4AD9-B12E-E638911F0A12}.Release|Any CPU.Build.0 = Release|Any CPU
	EndGlobalSection
	GlobalSection(SolutionProperties) = preSolution
		HideSolutionNode = FALSE
	EndGlobalSection
EndGlobal
