
Microsoft Visual Studio Solution File, Format Version 11.00
# Visual Studio 2010
Project("{F184B08F-C81C-45F6-A57F-5ABD9991F28F}") = "無限申辦會員", "無限申辦會員.vbproj", "{DA45D5A0-07FE-4FB0-93B6-472020B7724A}"
EndProject
Global
	GlobalSection(SolutionConfigurationPlatforms) = preSolution
		Debug|x86 = Debug|x86
		Release|x86 = Release|x86
	EndGlobalSection
	GlobalSection(ProjectConfigurationPlatforms) = postSolution
		{DA45D5A0-07FE-4FB0-93B6-472020B7724A}.Debug|x86.ActiveCfg = Debug|x86
		{DA45D5A0-07FE-4FB0-93B6-472020B7724A}.Debug|x86.Build.0 = Debug|x86
		{DA45D5A0-07FE-4FB0-93B6-472020B7724A}.Release|x86.ActiveCfg = Release|x86
		{DA45D5A0-07FE-4FB0-93B6-472020B7724A}.Release|x86.Build.0 = Release|x86
	EndGlobalSection
	GlobalSection(SolutionProperties) = preSolution
		HideSolutionNode = FALSE
	EndGlobalSection
EndGlobal
