
Microsoft Visual Studio Solution File, Format Version 11.00
# Visual Studio 2010
Project("{F184B08F-C81C-45F6-A57F-5ABD9991F28F}") = "16題_8", "16題_8.vbproj", "{07748967-F5D6-477F-A3B8-11C8E0F78702}"
EndProject
Global
	GlobalSection(SolutionConfigurationPlatforms) = preSolution
		Debug|x86 = Debug|x86
		Release|x86 = Release|x86
	EndGlobalSection
	GlobalSection(ProjectConfigurationPlatforms) = postSolution
		{07748967-F5D6-477F-A3B8-11C8E0F78702}.Debug|x86.ActiveCfg = Debug|x86
		{07748967-F5D6-477F-A3B8-11C8E0F78702}.Debug|x86.Build.0 = Debug|x86
		{07748967-F5D6-477F-A3B8-11C8E0F78702}.Release|x86.ActiveCfg = Release|x86
		{07748967-F5D6-477F-A3B8-11C8E0F78702}.Release|x86.Build.0 = Release|x86
	EndGlobalSection
	GlobalSection(SolutionProperties) = preSolution
		HideSolutionNode = FALSE
	EndGlobalSection
EndGlobal
