
Microsoft Visual Studio Solution File, Format Version 11.00
# Visual Studio 2010
Project("{F184B08F-C81C-45F6-A57F-5ABD9991F28F}") = "99-1-1 (正)", "99-1-1 (正).vbproj", "{6A1C1315-E3FC-4161-954E-0067DFE873D2}"
EndProject
Global
	GlobalSection(SolutionConfigurationPlatforms) = preSolution
		Debug|x86 = Debug|x86
		Release|x86 = Release|x86
	EndGlobalSection
	GlobalSection(ProjectConfigurationPlatforms) = postSolution
		{6A1C1315-E3FC-4161-954E-0067DFE873D2}.Debug|x86.ActiveCfg = Debug|x86
		{6A1C1315-E3FC-4161-954E-0067DFE873D2}.Debug|x86.Build.0 = Debug|x86
		{6A1C1315-E3FC-4161-954E-0067DFE873D2}.Release|x86.ActiveCfg = Release|x86
		{6A1C1315-E3FC-4161-954E-0067DFE873D2}.Release|x86.Build.0 = Release|x86
	EndGlobalSection
	GlobalSection(SolutionProperties) = preSolution
		HideSolutionNode = FALSE
	EndGlobalSection
EndGlobal
