
Microsoft Visual Studio Solution File, Format Version 11.00
# Visual Studio 2010
Project("{F184B08F-C81C-45F6-A57F-5ABD9991F28F}") = "16題_13", "16題_13.vbproj", "{7FB6E89C-CC8F-47C7-A7AC-87BD43129402}"
EndProject
Global
	GlobalSection(SolutionConfigurationPlatforms) = preSolution
		Debug|x86 = Debug|x86
		Release|x86 = Release|x86
	EndGlobalSection
	GlobalSection(ProjectConfigurationPlatforms) = postSolution
		{7FB6E89C-CC8F-47C7-A7AC-87BD43129402}.Debug|x86.ActiveCfg = Debug|x86
		{7FB6E89C-CC8F-47C7-A7AC-87BD43129402}.Debug|x86.Build.0 = Debug|x86
		{7FB6E89C-CC8F-47C7-A7AC-87BD43129402}.Release|x86.ActiveCfg = Release|x86
		{7FB6E89C-CC8F-47C7-A7AC-87BD43129402}.Release|x86.Build.0 = Release|x86
	EndGlobalSection
	GlobalSection(SolutionProperties) = preSolution
		HideSolutionNode = FALSE
	EndGlobalSection
EndGlobal
